
Microsoft Visual Studio Solution File, Format Version 12.00
# Visual Studio Version 17
VisualStudioVersion = 17.8.34511.84
MinimumVisualStudioVersion = 10.0.40219.1
Project("{FAE04EC0-301F-11D3-BF4B-00C04F79EFBC}") = "IntroduccionMVC", "IntroduccionMVC\IntroduccionMVC.csproj", "{71580885-2773-49C0-A987-7F9F68F62533}"
EndProject
Global
	GlobalSection(SolutionConfigurationPlatforms) = preSolution
		Debug|Any CPU = Debug|Any CPU
		Release|Any CPU = Release|Any CPU
	EndGlobalSection
	GlobalSection(ProjectConfigurationPlatforms) = postSolution
		{71580885-2773-49C0-A987-7F9F68F62533}.Debug|Any CPU.ActiveCfg = Debug|Any CPU
		{71580885-2773-49C0-A987-7F9F68F62533}.Debug|Any CPU.Build.0 = Debug|Any CPU
		{71580885-2773-49C0-A987-7F9F68F62533}.Release|Any CPU.ActiveCfg = Release|Any CPU
		{71580885-2773-49C0-A987-7F9F68F62533}.Release|Any CPU.Build.0 = Release|Any CPU
	EndGlobalSection
	GlobalSection(SolutionProperties) = preSolution
		HideSolutionNode = FALSE
	EndGlobalSection
	GlobalSection(ExtensibilityGlobals) = postSolution
		SolutionGuid = {DB2B54D7-7D93-4494-BC4D-71BA62F01071}
	EndGlobalSection
EndGlobal
